
Microsoft Visual Studio Solution File, Format Version 12.00
# Visual Studio Version 17
VisualStudioVersion = 17.9.34728.123
MinimumVisualStudioVersion = 10.0.40219.1
Project("{FAE04EC0-301F-11D3-BF4B-00C04F79EFBC}") = "Lab2-right", "Lab2-right.csproj", "{D153D0D0-6EB8-490B-B524-30DC64B50502}"
EndProject
Global
	GlobalSection(SolutionConfigurationPlatforms) = preSolution
		Debug|Any CPU = Debug|Any CPU
		Release|Any CPU = Release|Any CPU
	EndGlobalSection
	GlobalSection(ProjectConfigurationPlatforms) = postSolution
		{D153D0D0-6EB8-490B-B524-30DC64B50502}.Debug|Any CPU.ActiveCfg = Debug|Any CPU
		{D153D0D0-6EB8-490B-B524-30DC64B50502}.Debug|Any CPU.Build.0 = Debug|Any CPU
		{D153D0D0-6EB8-490B-B524-30DC64B50502}.Release|Any CPU.ActiveCfg = Release|Any CPU
		{D153D0D0-6EB8-490B-B524-30DC64B50502}.Release|Any CPU.Build.0 = Release|Any CPU
	EndGlobalSection
	GlobalSection(SolutionProperties) = preSolution
		HideSolutionNode = FALSE
	EndGlobalSection
	GlobalSection(ExtensibilityGlobals) = postSolution
		SolutionGuid = {D6CE2DFD-618C-4D05-9FB3-92ACBFF1EA30}
	EndGlobalSection
EndGlobal
